
Microsoft Visual Studio Solution File, Format Version 12.00
# Visual Studio Version 16
VisualStudioVersion = 16.0.29709.97
MinimumVisualStudioVersion = 10.0.40219.1
Project("{9A19103F-16F7-4668-BE54-9A1E7A4F7556}") = "ProjectGame", "ProjectGame\ProjectGame.csproj", "{07F1E8C4-40BA-4F72-9A29-49BA8D4CF492}"
EndProject
Global
	GlobalSection(SolutionConfigurationPlatforms) = preSolution
		Debug|Any CPU = Debug|Any CPU
		Release|Any CPU = Release|Any CPU
	EndGlobalSection
	GlobalSection(ProjectConfigurationPlatforms) = postSolution
		{07F1E8C4-40BA-4F72-9A29-49BA8D4CF492}.Debug|Any CPU.ActiveCfg = Debug|Any CPU
		{07F1E8C4-40BA-4F72-9A29-49BA8D4CF492}.Debug|Any CPU.Build.0 = Debug|Any CPU
		{07F1E8C4-40BA-4F72-9A29-49BA8D4CF492}.Release|Any CPU.ActiveCfg = Release|Any CPU
		{07F1E8C4-40BA-4F72-9A29-49BA8D4CF492}.Release|Any CPU.Build.0 = Release|Any CPU
	EndGlobalSection
	GlobalSection(SolutionProperties) = preSolution
		HideSolutionNode = FALSE
	EndGlobalSection
	GlobalSection(ExtensibilityGlobals) = postSolution
		SolutionGuid = {E48AC127-05EC-4306-95B0-4FAA3BB89507}
	EndGlobalSection
EndGlobal
